
Microsoft Visual Studio Solution File, Format Version 12.00
# Visual Studio Version 16
VisualStudioVersion = 25.0.1706.12
MinimumVisualStudioVersion = 10.0.40219.1
Project("{FAE04EC0-301F-11D3-BF4B-00C04F79EFBC}") = "RoastTime.API", "RoastTime.API\RoastTime.API.csproj", "{AC0D9F05-1D6C-431E-B431-81D74BD543D5}"
EndProject
Global
	GlobalSection(SolutionConfigurationPlatforms) = preSolution
		Debug|Any CPU = Debug|Any CPU
		Release|Any CPU = Release|Any CPU
	EndGlobalSection
	GlobalSection(ProjectConfigurationPlatforms) = postSolution
		{AC0D9F05-1D6C-431E-B431-81D74BD543D5}.Debug|Any CPU.ActiveCfg = Debug|Any CPU
		{AC0D9F05-1D6C-431E-B431-81D74BD543D5}.Debug|Any CPU.Build.0 = Debug|Any CPU
		{AC0D9F05-1D6C-431E-B431-81D74BD543D5}.Release|Any CPU.ActiveCfg = Release|Any CPU
		{AC0D9F05-1D6C-431E-B431-81D74BD543D5}.Release|Any CPU.Build.0 = Release|Any CPU
	EndGlobalSection
	GlobalSection(SolutionProperties) = preSolution
		HideSolutionNode = FALSE
	EndGlobalSection
	GlobalSection(ExtensibilityGlobals) = postSolution
		SolutionGuid = {444CA288-E006-48AA-9098-0B0379A19B4F}
	EndGlobalSection
EndGlobal
